<Solution>
  <Folder Name="/01/">
    <Project Path="IsNumerOddorNot/IsNumerOddorNot.csproj" />
  </Folder>
  <Folder Name="/02/">
    <Project Path="OrderingOfThreeNumbers/OrderingOfThreeNumbers.csproj" />
  </Folder>
  <Folder Name="/03/">
    <Project Path="LargestNumber/LargestNumber.csproj" />
  </Folder>
  <Folder Name="/04/">
    <Project Path="NumberIsMultipleOfAnother/NumberIsMultipleOfAnother.csproj" />
  </Folder>
</Solution>
